{
  "name": "hoku",
  "version": "1.0.0",
  "lockfileVersion": 1,
  "requires": true,
  "dependencies": {
    "domino": {
      "version": "2.1.3",
      "resolved": "https://registry.npmjs.org/domino/-/domino-2.1.3.tgz",
      "integrity": "sha512-EwjTbUv1Q/RLQOdn9k7ClHutrQcWGsfXaRQNOnM/KgK4xDBoLFEcIRFuBSxAx13Vfa63X029gXYrNFrSy+DOSg=="
    },
    "jquery": {
      "version": "3.5.0",
      "resolved": "https://registry.npmjs.org/jquery/-/jquery-3.5.0.tgz",
      "integrity": "sha512-Xb7SVYMvygPxbFMpTFQiHh1J7HClEaThguL15N/Gg37Lri/qKyhRGZYzHRyLH8Stq3Aow0LsHO2O2ci86fCrNQ=="
    },
    "yttrium-server": {
      "version": "1.0.3",
      "resolved": "https://registry.npmjs.org/yttrium-server/-/yttrium-server-1.0.3.tgz",
      "integrity": "sha512-Pcl9UrDMp/s/k9TToBA0Nf0mG0SY2EIyfkxjv24lzo8kM/nVCvcWnzUq3tUv5qnr3YDr8WfQPtus0vkzkENOnQ==",
      "requires": {
        "domino": "^2.0.0",
        "jquery": "^3.3.1"
      }
    }
  }
}
