{
  "name": "hoku",
  "version": "1.0.0",
  "lockfileVersion": 1,
  "requires": true,
  "dependencies": {
    "domino": {
      "version": "1.0.29",
      "resolved": "https://registry.npmjs.org/domino/-/domino-1.0.29.tgz",
      "integrity": "sha1-3oqh9vmOPFU4/remH6acHqu6zgY="
    },
    "jquery": {
      "version": "3.2.1",
      "resolved": "https://registry.npmjs.org/jquery/-/jquery-3.2.1.tgz",
      "integrity": "sha1-XE2d5lKvbNCncBVKYxu6ErAVx4c="
    },
    "yttrium-server": {
      "version": "1.0.2",
      "resolved": "https://registry.npmjs.org/yttrium-server/-/yttrium-server-1.0.2.tgz",
      "integrity": "sha512-O6LSCUeOplt4eWu1XS7493vzskM+/kBThwH7xTwWdoVcfKMjzjzjVVAO28zziGZyk3UPhC7dJJxYGsO15B4Trg==",
      "requires": {
        "domino": "1.0.29",
        "jquery": "3.2.1"
      }
    }
  }
}
